{
  "name": "react-enterprise-starter",
  "lockfileVersion": 2,
  "requires": true,
  "packages": {
    "": {
      "dependencies": {
        "@js-temporal/polyfill": "^0.3.0"
      }
    },
    "node_modules/@js-temporal/polyfill": {
      "version": "0.3.0",
      "resolved": "https://registry.npmjs.org/@js-temporal/polyfill/-/polyfill-0.3.0.tgz",
      "integrity": "sha512-cxxxis19j0WvK3+kUwKrXeXaDBaWxLeRfKqlVz7g50Cly6UgGs2p3wovH9zjtZ4TtjYHDR4De/880+aalduDZQ==",
      "dependencies": {
        "big-integer": "^1.6.51",
        "tslib": "^2.3.1"
      },
      "engines": {
        "node": ">=12"
      }
    },
    "node_modules/big-integer": {
      "version": "1.6.51",
      "resolved": "https://registry.npmjs.org/big-integer/-/big-integer-1.6.51.tgz",
      "integrity": "sha512-GPEid2Y9QU1Exl1rpO9B2IPJGHPSupF5GnVIP0blYvNOMer2bTvSWs1jGOUg04hTmu67nmLsQ9TBo1puaotBHg==",
      "engines": {
        "node": ">=0.6"
      }
    },
    "node_modules/tslib": {
      "version": "2.3.1",
      "resolved": "https://registry.npmjs.org/tslib/-/tslib-2.3.1.tgz",
      "integrity": "sha512-77EbyPPpMz+FRFRuAFlWMtmgUWGe9UOG2Z25NqCwiIjRhOf5iKGuzSe5P2w1laq+FkRy4p+PCuVkJSGkzTEKVw=="
    }
  },
  "dependencies": {
    "@js-temporal/polyfill": {
      "version": "0.3.0",
      "resolved": "https://registry.npmjs.org/@js-temporal/polyfill/-/polyfill-0.3.0.tgz",
      "integrity": "sha512-cxxxis19j0WvK3+kUwKrXeXaDBaWxLeRfKqlVz7g50Cly6UgGs2p3wovH9zjtZ4TtjYHDR4De/880+aalduDZQ==",
      "requires": {
        "big-integer": "^1.6.51",
        "tslib": "^2.3.1"
      }
    },
    "big-integer": {
      "version": "1.6.51",
      "resolved": "https://registry.npmjs.org/big-integer/-/big-integer-1.6.51.tgz",
      "integrity": "sha512-GPEid2Y9QU1Exl1rpO9B2IPJGHPSupF5GnVIP0blYvNOMer2bTvSWs1jGOUg04hTmu67nmLsQ9TBo1puaotBHg=="
    },
    "tslib": {
      "version": "2.3.1",
      "resolved": "https://registry.npmjs.org/tslib/-/tslib-2.3.1.tgz",
      "integrity": "sha512-77EbyPPpMz+FRFRuAFlWMtmgUWGe9UOG2Z25NqCwiIjRhOf5iKGuzSe5P2w1laq+FkRy4p+PCuVkJSGkzTEKVw=="
    }
  }
}
